
Microsoft Visual Studio Solution File, Format Version 12.00
# Visual Studio Version 16
VisualStudioVersion = 16.0.29728.190
MinimumVisualStudioVersion = 10.0.40219.1
Project("{FAE04EC0-301F-11D3-BF4B-00C04F79EFBC}") = "Pico8Emulator", "Pico8Emulator\Pico8Emulator.csproj", "{EC0602B1-5A17-4CDC-BBB7-F2C5401FF899}"
EndProject
Global
	GlobalSection(SolutionConfigurationPlatforms) = preSolution
		Debug|Any CPU = Debug|Any CPU
		Release|Any CPU = Release|Any CPU
	EndGlobalSection
	GlobalSection(ProjectConfigurationPlatforms) = postSolution
		{EC0602B1-5A17-4CDC-BBB7-F2C5401FF899}.Debug|Any CPU.ActiveCfg = Debug|Any CPU
		{EC0602B1-5A17-4CDC-BBB7-F2C5401FF899}.Debug|Any CPU.Build.0 = Debug|Any CPU
	EndGlobalSection
	GlobalSection(SolutionProperties) = preSolution
		HideSolutionNode = FALSE
	EndGlobalSection
	GlobalSection(ExtensibilityGlobals) = postSolution
		SolutionGuid = {7A54EBC4-EE16-4A26-8310-14BE1C31F26A}
	EndGlobalSection
EndGlobal
